
Microsoft Visual Studio Solution File, Format Version 12.00
# Visual Studio Version 17
VisualStudioVersion = 17.5.33103.201
MinimumVisualStudioVersion = 10.0.40219.1
Project("{9A19103F-16F7-4668-BE54-9A1E7A4F7556}") = "WhatToCook.WebApp", "src\WhatToCook.WebApp\WhatToCook.WebApp.csproj", "{1895EF32-53DF-411C-9082-754B21479096}"
EndProject
Project("{FAE04EC0-301F-11D3-BF4B-00C04F79EFBC}") = "WhatToCook.Application", "src\WhatToCook.Application\WhatToCook.Application.csproj", "{7B81C5C5-68DB-431E-86E5-2A57C0F7C7C4}"
EndProject
Global
	GlobalSection(SolutionConfigurationPlatforms) = preSolution
		Debug|Any CPU = Debug|Any CPU
		Release|Any CPU = Release|Any CPU
	EndGlobalSection
	GlobalSection(ProjectConfigurationPlatforms) = postSolution
		{1895EF32-53DF-411C-9082-754B21479096}.Debug|Any CPU.ActiveCfg = Debug|Any CPU
		{1895EF32-53DF-411C-9082-754B21479096}.Debug|Any CPU.Build.0 = Debug|Any CPU
		{1895EF32-53DF-411C-9082-754B21479096}.Release|Any CPU.ActiveCfg = Release|Any CPU
		{1895EF32-53DF-411C-9082-754B21479096}.Release|Any CPU.Build.0 = Release|Any CPU
		{7B81C5C5-68DB-431E-86E5-2A57C0F7C7C4}.Debug|Any CPU.ActiveCfg = Debug|Any CPU
		{7B81C5C5-68DB-431E-86E5-2A57C0F7C7C4}.Debug|Any CPU.Build.0 = Debug|Any CPU
		{7B81C5C5-68DB-431E-86E5-2A57C0F7C7C4}.Release|Any CPU.ActiveCfg = Release|Any CPU
		{7B81C5C5-68DB-431E-86E5-2A57C0F7C7C4}.Release|Any CPU.Build.0 = Release|Any CPU
	EndGlobalSection
	GlobalSection(SolutionProperties) = preSolution
		HideSolutionNode = FALSE
	EndGlobalSection
	GlobalSection(ExtensibilityGlobals) = postSolution
		SolutionGuid = {A3FC0C3B-346C-4F03-A996-A99902D145F2}
	EndGlobalSection
EndGlobal
