
Microsoft Visual Studio Solution File, Format Version 12.00
# Visual Studio Version 17
VisualStudioVersion = 17.5.001.0
MinimumVisualStudioVersion = 10.0.40219.1
Project("{9A19103F-16F7-4668-BE54-9A1E7A4F7556}") = "WhatToCook.WebApp", "WhatToCook.WebApp.csproj", "{253FFFDA-D1D2-4E84-B74F-349807A95684}"
EndProject
Global
	GlobalSection(SolutionConfigurationPlatforms) = preSolution
		Debug|Any CPU = Debug|Any CPU
		Release|Any CPU = Release|Any CPU
	EndGlobalSection
	GlobalSection(ProjectConfigurationPlatforms) = postSolution
		{253FFFDA-D1D2-4E84-B74F-349807A95684}.Debug|Any CPU.ActiveCfg = Debug|Any CPU
		{253FFFDA-D1D2-4E84-B74F-349807A95684}.Debug|Any CPU.Build.0 = Debug|Any CPU
		{253FFFDA-D1D2-4E84-B74F-349807A95684}.Release|Any CPU.ActiveCfg = Release|Any CPU
		{253FFFDA-D1D2-4E84-B74F-349807A95684}.Release|Any CPU.Build.0 = Release|Any CPU
	EndGlobalSection
	GlobalSection(SolutionProperties) = preSolution
		HideSolutionNode = FALSE
	EndGlobalSection
	GlobalSection(ExtensibilityGlobals) = postSolution
		SolutionGuid = {B4433EBC-284E-44F1-9246-387016A29370}
	EndGlobalSection
EndGlobal
